
Microsoft Visual Studio Solution File, Format Version 12.00
# Visual Studio Version 18
VisualStudioVersion = 18.3.11312.210
MinimumVisualStudioVersion = 10.0.40219.1
Project("{2150E333-8FDC-42A3-9474-1A3956D46DE8}") = "src", "src", "{02EA681E-C7D8-13C7-8484-4AC65E1B71E8}"
	ProjectSection(SolutionItems) = preProject
		.env = .env
	EndProjectSection
EndProject
Project("{FAE04EC0-301F-11D3-BF4B-00C04F79EFBC}") = "API", "src\API\API.csproj", "{A76EFF43-119D-4A17-A9FE-FFB846EADD2E}"
EndProject
Project("{FAE04EC0-301F-11D3-BF4B-00C04F79EFBC}") = "Application", "src\Application\Application.csproj", "{41C52397-3F2E-40FA-877B-F905EAC5912A}"
EndProject
Project("{FAE04EC0-301F-11D3-BF4B-00C04F79EFBC}") = "Infrastructure", "src\Infrastructure\Infrastructure.csproj", "{A0C5A3F8-BB46-42BB-A40A-DF701436DF17}"
EndProject
Project("{FAE04EC0-301F-11D3-BF4B-00C04F79EFBC}") = "Domain", "src\Domain\Domain.csproj", "{218AEBC5-89AF-4168-9A84-B0C444796935}"
EndProject
Project("{2150E333-8FDC-42A3-9474-1A3956D46DE8}") = "k8s", "k8s", "{82B993AA-E482-4547-A3E4-6D13E86666DC}"
EndProject
Project("{E53339B2-1760-4266-BCC7-CA923CBCF16C}") = "docker-compose", "docker-compose.dcproj", "{81DDED9D-158B-E303-5F62-77A2896D2A5A}"
EndProject
Project("{2150E333-8FDC-42A3-9474-1A3956D46DE8}") = "Tests", "Tests", "{0AB3BF05-4346-4AA6-1389-037BE0695223}"
EndProject
Project("{FAE04EC0-301F-11D3-BF4B-00C04F79EFBC}") = "Domain.Tests", "Tests\Domain.Tests\Domain.Tests.csproj", "{016D723D-40E7-44AE-9D5A-80DD095870C1}"
EndProject
Project("{FAE04EC0-301F-11D3-BF4B-00C04F79EFBC}") = "Application.Tests", "Tests\Application.Tests\Application.Tests.csproj", "{3E104E0E-FE3B-4FAC-BD9D-DD621AA38347}"
EndProject
Project("{FAE04EC0-301F-11D3-BF4B-00C04F79EFBC}") = "Infrastructure.Tests", "Tests\Infrastructure.Tests\Infrastructure.Tests.csproj", "{5E8D514B-3132-442F-B1A0-0D26765A09A0}"
EndProject
Global
	GlobalSection(SolutionConfigurationPlatforms) = preSolution
		Debug|Any CPU = Debug|Any CPU
		Debug|x64 = Debug|x64
		Debug|x86 = Debug|x86
		Release|Any CPU = Release|Any CPU
		Release|x64 = Release|x64
		Release|x86 = Release|x86
	EndGlobalSection
	GlobalSection(ProjectConfigurationPlatforms) = postSolution
		{A76EFF43-119D-4A17-A9FE-FFB846EADD2E}.Debug|Any CPU.ActiveCfg = Debug|Any CPU
		{A76EFF43-119D-4A17-A9FE-FFB846EADD2E}.Debug|Any CPU.Build.0 = Debug|Any CPU
		{A76EFF43-119D-4A17-A9FE-FFB846EADD2E}.Debug|x64.ActiveCfg = Debug|Any CPU
		{A76EFF43-119D-4A17-A9FE-FFB846EADD2E}.Debug|x64.Build.0 = Debug|Any CPU
		{A76EFF43-119D-4A17-A9FE-FFB846EADD2E}.Debug|x86.ActiveCfg = Debug|Any CPU
		{A76EFF43-119D-4A17-A9FE-FFB846EADD2E}.Debug|x86.Build.0 = Debug|Any CPU
		{A76EFF43-119D-4A17-A9FE-FFB846EADD2E}.Release|Any CPU.ActiveCfg = Release|Any CPU
		{A76EFF43-119D-4A17-A9FE-FFB846EADD2E}.Release|Any CPU.Build.0 = Release|Any CPU
		{A76EFF43-119D-4A17-A9FE-FFB846EADD2E}.Release|x64.ActiveCfg = Release|Any CPU
		{A76EFF43-119D-4A17-A9FE-FFB846EADD2E}.Release|x64.Build.0 = Release|Any CPU
		{A76EFF43-119D-4A17-A9FE-FFB846EADD2E}.Release|x86.ActiveCfg = Release|Any CPU
		{A76EFF43-119D-4A17-A9FE-FFB846EADD2E}.Release|x86.Build.0 = Release|Any CPU
		{41C52397-3F2E-40FA-877B-F905EAC5912A}.Debug|Any CPU.ActiveCfg = Debug|Any CPU
		{41C52397-3F2E-40FA-877B-F905EAC5912A}.Debug|Any CPU.Build.0 = Debug|Any CPU
		{41C52397-3F2E-40FA-877B-F905EAC5912A}.Debug|x64.ActiveCfg = Debug|Any CPU
		{41C52397-3F2E-40FA-877B-F905EAC5912A}.Debug|x64.Build.0 = Debug|Any CPU
		{41C52397-3F2E-40FA-877B-F905EAC5912A}.Debug|x86.ActiveCfg = Debug|Any CPU
		{41C52397-3F2E-40FA-877B-F905EAC5912A}.Debug|x86.Build.0 = Debug|Any CPU
		{41C52397-3F2E-40FA-877B-F905EAC5912A}.Release|Any CPU.ActiveCfg = Release|Any CPU
		{41C52397-3F2E-40FA-877B-F905EAC5912A}.Release|Any CPU.Build.0 = Release|Any CPU
		{41C52397-3F2E-40FA-877B-F905EAC5912A}.Release|x64.ActiveCfg = Release|Any CPU
		{41C52397-3F2E-40FA-877B-F905EAC5912A}.Release|x64.Build.0 = Release|Any CPU
		{41C52397-3F2E-40FA-877B-F905EAC5912A}.Release|x86.ActiveCfg = Release|Any CPU
		{41C52397-3F2E-40FA-877B-F905EAC5912A}.Release|x86.Build.0 = Release|Any CPU
		{A0C5A3F8-BB46-42BB-A40A-DF701436DF17}.Debug|Any CPU.ActiveCfg = Debug|Any CPU
		{A0C5A3F8-BB46-42BB-A40A-DF701436DF17}.Debug|Any CPU.Build.0 = Debug|Any CPU
		{A0C5A3F8-BB46-42BB-A40A-DF701436DF17}.Debug|x64.ActiveCfg = Debug|Any CPU
		{A0C5A3F8-BB46-42BB-A40A-DF701436DF17}.Debug|x64.Build.0 = Debug|Any CPU
		{A0C5A3F8-BB46-42BB-A40A-DF701436DF17}.Debug|x86.ActiveCfg = Debug|Any CPU
		{A0C5A3F8-BB46-42BB-A40A-DF701436DF17}.Debug|x86.Build.0 = Debug|Any CPU
		{A0C5A3F8-BB46-42BB-A40A-DF701436DF17}.Release|Any CPU.ActiveCfg = Release|Any CPU
		{A0C5A3F8-BB46-42BB-A40A-DF701436DF17}.Release|Any CPU.Build.0 = Release|Any CPU
		{A0C5A3F8-BB46-42BB-A40A-DF701436DF17}.Release|x64.ActiveCfg = Release|Any CPU
		{A0C5A3F8-BB46-42BB-A40A-DF701436DF17}.Release|x64.Build.0 = Release|Any CPU
		{A0C5A3F8-BB46-42BB-A40A-DF701436DF17}.Release|x86.ActiveCfg = Release|Any CPU
		{A0C5A3F8-BB46-42BB-A40A-DF701436DF17}.Release|x86.Build.0 = Release|Any CPU
		{218AEBC5-89AF-4168-9A84-B0C444796935}.Debug|Any CPU.ActiveCfg = Debug|Any CPU
		{218AEBC5-89AF-4168-9A84-B0C444796935}.Debug|Any CPU.Build.0 = Debug|Any CPU
		{218AEBC5-89AF-4168-9A84-B0C444796935}.Debug|x64.ActiveCfg = Debug|Any CPU
		{218AEBC5-89AF-4168-9A84-B0C444796935}.Debug|x64.Build.0 = Debug|Any CPU
		{218AEBC5-89AF-4168-9A84-B0C444796935}.Debug|x86.ActiveCfg = Debug|Any CPU
		{218AEBC5-89AF-4168-9A84-B0C444796935}.Debug|x86.Build.0 = Debug|Any CPU
		{218AEBC5-89AF-4168-9A84-B0C444796935}.Release|Any CPU.ActiveCfg = Release|Any CPU
		{218AEBC5-89AF-4168-9A84-B0C444796935}.Release|Any CPU.Build.0 = Release|Any CPU
		{218AEBC5-89AF-4168-9A84-B0C444796935}.Release|x64.ActiveCfg = Release|Any CPU
		{218AEBC5-89AF-4168-9A84-B0C444796935}.Release|x64.Build.0 = Release|Any CPU
		{218AEBC5-89AF-4168-9A84-B0C444796935}.Release|x86.ActiveCfg = Release|Any CPU
		{218AEBC5-89AF-4168-9A84-B0C444796935}.Release|x86.Build.0 = Release|Any CPU
		{81DDED9D-158B-E303-5F62-77A2896D2A5A}.Debug|Any CPU.ActiveCfg = Debug|Any CPU
		{81DDED9D-158B-E303-5F62-77A2896D2A5A}.Debug|Any CPU.Build.0 = Debug|Any CPU
		{81DDED9D-158B-E303-5F62-77A2896D2A5A}.Debug|x64.ActiveCfg = Debug|x64
		{81DDED9D-158B-E303-5F62-77A2896D2A5A}.Debug|x86.ActiveCfg = Debug|x86
		{81DDED9D-158B-E303-5F62-77A2896D2A5A}.Release|Any CPU.ActiveCfg = Release|Any CPU
		{81DDED9D-158B-E303-5F62-77A2896D2A5A}.Release|Any CPU.Build.0 = Release|Any CPU
		{81DDED9D-158B-E303-5F62-77A2896D2A5A}.Release|x64.ActiveCfg = Release|x64
		{81DDED9D-158B-E303-5F62-77A2896D2A5A}.Release|x86.ActiveCfg = Release|x86
		{016D723D-40E7-44AE-9D5A-80DD095870C1}.Debug|Any CPU.ActiveCfg = Debug|Any CPU
		{016D723D-40E7-44AE-9D5A-80DD095870C1}.Debug|Any CPU.Build.0 = Debug|Any CPU
		{016D723D-40E7-44AE-9D5A-80DD095870C1}.Debug|x64.ActiveCfg = Debug|Any CPU
		{016D723D-40E7-44AE-9D5A-80DD095870C1}.Debug|x64.Build.0 = Debug|Any CPU
		{016D723D-40E7-44AE-9D5A-80DD095870C1}.Debug|x86.ActiveCfg = Debug|Any CPU
		{016D723D-40E7-44AE-9D5A-80DD095870C1}.Debug|x86.Build.0 = Debug|Any CPU
		{016D723D-40E7-44AE-9D5A-80DD095870C1}.Release|Any CPU.ActiveCfg = Release|Any CPU
		{016D723D-40E7-44AE-9D5A-80DD095870C1}.Release|Any CPU.Build.0 = Release|Any CPU
		{016D723D-40E7-44AE-9D5A-80DD095870C1}.Release|x64.ActiveCfg = Release|Any CPU
		{016D723D-40E7-44AE-9D5A-80DD095870C1}.Release|x64.Build.0 = Release|Any CPU
		{016D723D-40E7-44AE-9D5A-80DD095870C1}.Release|x86.ActiveCfg = Release|Any CPU
		{016D723D-40E7-44AE-9D5A-80DD095870C1}.Release|x86.Build.0 = Release|Any CPU
		{3E104E0E-FE3B-4FAC-BD9D-DD621AA38347}.Debug|Any CPU.ActiveCfg = Debug|Any CPU
		{3E104E0E-FE3B-4FAC-BD9D-DD621AA38347}.Debug|Any CPU.Build.0 = Debug|Any CPU
		{3E104E0E-FE3B-4FAC-BD9D-DD621AA38347}.Debug|x64.ActiveCfg = Debug|Any CPU
		{3E104E0E-FE3B-4FAC-BD9D-DD621AA38347}.Debug|x64.Build.0 = Debug|Any CPU
		{3E104E0E-FE3B-4FAC-BD9D-DD621AA38347}.Debug|x86.ActiveCfg = Debug|Any CPU
		{3E104E0E-FE3B-4FAC-BD9D-DD621AA38347}.Debug|x86.Build.0 = Debug|Any CPU
		{3E104E0E-FE3B-4FAC-BD9D-DD621AA38347}.Release|Any CPU.ActiveCfg = Release|Any CPU
		{3E104E0E-FE3B-4FAC-BD9D-DD621AA38347}.Release|Any CPU.Build.0 = Release|Any CPU
		{3E104E0E-FE3B-4FAC-BD9D-DD621AA38347}.Release|x64.ActiveCfg = Release|Any CPU
		{3E104E0E-FE3B-4FAC-BD9D-DD621AA38347}.Release|x64.Build.0 = Release|Any CPU
		{3E104E0E-FE3B-4FAC-BD9D-DD621AA38347}.Release|x86.ActiveCfg = Release|Any CPU
		{3E104E0E-FE3B-4FAC-BD9D-DD621AA38347}.Release|x86.Build.0 = Release|Any CPU
		{5E8D514B-3132-442F-B1A0-0D26765A09A0}.Debug|Any CPU.ActiveCfg = Debug|Any CPU
		{5E8D514B-3132-442F-B1A0-0D26765A09A0}.Debug|Any CPU.Build.0 = Debug|Any CPU
		{5E8D514B-3132-442F-B1A0-0D26765A09A0}.Debug|x64.ActiveCfg = Debug|Any CPU
		{5E8D514B-3132-442F-B1A0-0D26765A09A0}.Debug|x64.Build.0 = Debug|Any CPU
		{5E8D514B-3132-442F-B1A0-0D26765A09A0}.Debug|x86.ActiveCfg = Debug|Any CPU
		{5E8D514B-3132-442F-B1A0-0D26765A09A0}.Debug|x86.Build.0 = Debug|Any CPU
		{5E8D514B-3132-442F-B1A0-0D26765A09A0}.Release|Any CPU.ActiveCfg = Release|Any CPU
		{5E8D514B-3132-442F-B1A0-0D26765A09A0}.Release|Any CPU.Build.0 = Release|Any CPU
		{5E8D514B-3132-442F-B1A0-0D26765A09A0}.Release|x64.ActiveCfg = Release|Any CPU
		{5E8D514B-3132-442F-B1A0-0D26765A09A0}.Release|x64.Build.0 = Release|Any CPU
		{5E8D514B-3132-442F-B1A0-0D26765A09A0}.Release|x86.ActiveCfg = Release|Any CPU
		{5E8D514B-3132-442F-B1A0-0D26765A09A0}.Release|x86.Build.0 = Release|Any CPU
	EndGlobalSection
	GlobalSection(SolutionProperties) = preSolution
		HideSolutionNode = FALSE
	EndGlobalSection
	GlobalSection(NestedProjects) = preSolution
		{A76EFF43-119D-4A17-A9FE-FFB846EADD2E} = {02EA681E-C7D8-13C7-8484-4AC65E1B71E8}
		{41C52397-3F2E-40FA-877B-F905EAC5912A} = {02EA681E-C7D8-13C7-8484-4AC65E1B71E8}
		{A0C5A3F8-BB46-42BB-A40A-DF701436DF17} = {02EA681E-C7D8-13C7-8484-4AC65E1B71E8}
		{218AEBC5-89AF-4168-9A84-B0C444796935} = {02EA681E-C7D8-13C7-8484-4AC65E1B71E8}
		{016D723D-40E7-44AE-9D5A-80DD095870C1} = {0AB3BF05-4346-4AA6-1389-037BE0695223}
		{3E104E0E-FE3B-4FAC-BD9D-DD621AA38347} = {0AB3BF05-4346-4AA6-1389-037BE0695223}
		{5E8D514B-3132-442F-B1A0-0D26765A09A0} = {0AB3BF05-4346-4AA6-1389-037BE0695223}
	EndGlobalSection
	GlobalSection(ExtensibilityGlobals) = postSolution
		SolutionGuid = {C055121F-FD01-4A67-8268-12EFE8009C22}
	EndGlobalSection
EndGlobal
